// !$*UTF8*$!
{
	archiveVersion = 1;
	classes = {
	};
	objectVersion = 50;
	objects = {

/* Begin PBXBuildFile section */
		470384FD243F019000F7D1A3 /* AppDelegate.swift in Sources */ = {isa = PBXBuildFile; fileRef = 470384FC243F019000F7D1A3 /* AppDelegate.swift */; };
		470384FF243F019000F7D1A3 /* SceneDelegate.swift in Sources */ = {isa = PBXBuildFile; fileRef = 470384FE243F019000F7D1A3 /* SceneDelegate.swift */; };
		47038501243F019000F7D1A3 /* ContentView.swift in Sources */ = {isa = PBXBuildFile; fileRef = 47038500243F019000F7D1A3 /* ContentView.swift */; };
		47038503243F019700F7D1A3 /* Assets.xcassets in Resources */ = {isa = PBXBuildFile; fileRef = 47038502243F019700F7D1A3 /* Assets.xcassets */; };
		47038506243F019700F7D1A3 /* Preview Assets.xcassets in Resources */ = {isa = PBXBuildFile; fileRef = 47038505243F019700F7D1A3 /* Preview Assets.xcassets */; };
		47038509243F019700F7D1A3 /* LaunchScreen.storyboard in Resources */ = {isa = PBXBuildFile; fileRef = 47038507243F019700F7D1A3 /* LaunchScreen.storyboard */; };
		47038514243F019800F7D1A3 /* DrawingPathsAndShapesTests.swift in Sources */ = {isa = PBXBuildFile; fileRef = 47038513243F019800F7D1A3 /* DrawingPathsAndShapesTests.swift */; };
		4703851F243F019800F7D1A3 /* DrawingPathsAndShapesUITests.swift in Sources */ = {isa = PBXBuildFile; fileRef = 4703851E243F019800F7D1A3 /* DrawingPathsAndShapesUITests.swift */; };
/* End PBXBuildFile section */

/* Begin PBXContainerItemProxy section */
		47038510243F019800F7D1A3 /* PBXContainerItemProxy */ = {
			isa = PBXContainerItemProxy;
			containerPortal = 470384F1243F019000F7D1A3 /* Project object */;
			proxyType = 1;
			remoteGlobalIDString = 470384F8243F019000F7D1A3;
			remoteInfo = DrawingPathsAndShapes;
		};
		4703851B243F019800F7D1A3 /* PBXContainerItemProxy */ = {
			isa = PBXContainerItemProxy;
			containerPortal = 470384F1243F019000F7D1A3 /* Project object */;
			proxyType = 1;
			remoteGlobalIDString = 470384F8243F019000F7D1A3;
			remoteInfo = DrawingPathsAndShapes;
		};
/* End PBXContainerItemProxy section */

/* Begin PBXFileReference section */
		470384F9243F019000F7D1A3 /* DrawingPathsAndShapes.app */ = {isa = PBXFileReference; explicitFileType = wrapper.application; includeInIndex = 0; path = DrawingPathsAndShapes.app; sourceTree = BUILT_PRODUCTS_DIR; };
		470384FC243F019000F7D1A3 /* AppDelegate.swift */ = {isa = PBXFileReference; lastKnownFileType = sourcecode.swift; path = AppDelegate.swift; sourceTree = "<group>"; };
		470384FE243F019000F7D1A3 /* SceneDelegate.swift */ = {isa = PBXFileReference; lastKnownFileType = sourcecode.swift; path = SceneDelegate.swift; sourceTree = "<group>"; };
		47038500243F019000F7D1A3 /* ContentView.swift */ = {isa = PBXFileReference; lastKnownFileType = sourcecode.swift; path = ContentView.swift; sourceTree = "<group>"; };
		47038502243F019700F7D1A3 /* Assets.xcassets */ = {isa = PBXFileReference; lastKnownFileType = folder.assetcatalog; path = Assets.xcassets; sourceTree = "<group>"; };
		47038505243F019700F7D1A3 /* Preview Assets.xcassets */ = {isa = PBXFileReference; lastKnownFileType = folder.assetcatalog; path = "Preview Assets.xcassets"; sourceTree = "<group>"; };
		47038508243F019700F7D1A3 /* Base */ = {isa = PBXFileReference; lastKnownFileType = file.storyboard; name = Base; path = Base.lproj/LaunchScreen.storyboard; sourceTree = "<group>"; };
		4703850A243F019700F7D1A3 /* Info.plist */ = {isa = PBXFileReference; lastKnownFileType = text.plist.xml; path = Info.plist; sourceTree = "<group>"; };
		4703850F243F019800F7D1A3 /* DrawingPathsAndShapesTests.xctest */ = {isa = PBXFileReference; explicitFileType = wrapper.cfbundle; includeInIndex = 0; path = DrawingPathsAndShapesTests.xctest; sourceTree = BUILT_PRODUCTS_DIR; };
		47038513243F019800F7D1A3 /* DrawingPathsAndShapesTests.swift */ = {isa = PBXFileReference; lastKnownFileType = sourcecode.swift; path = DrawingPathsAndShapesTests.swift; sourceTree = "<group>"; };
		47038515243F019800F7D1A3 /* Info.plist */ = {isa = PBXFileReference; lastKnownFileType = text.plist.xml; path = Info.plist; sourceTree = "<group>"; };
		4703851A243F019800F7D1A3 /* DrawingPathsAndShapesUITests.xctest */ = {isa = PBXFileReference; explicitFileType = wrapper.cfbundle; includeInIndex = 0; path = DrawingPathsAndShapesUITests.xctest; sourceTree = BUILT_PRODUCTS_DIR; };
		4703851E243F019800F7D1A3 /* DrawingPathsAndShapesUITests.swift */ = {isa = PBXFileReference; lastKnownFileType = sourcecode.swift; path = DrawingPathsAndShapesUITests.swift; sourceTree = "<group>"; };
		47038520243F019800F7D1A3 /* Info.plist */ = {isa = PBXFileReference; lastKnownFileType = text.plist.xml; path = Info.plist; sourceTree = "<group>"; };
/* End PBXFileReference section */

/* Begin PBXFrameworksBuildPhase section */
		470384F6243F019000F7D1A3 /* Frameworks */ = {
			isa = PBXFrameworksBuildPhase;
			buildActionMask = 2147483647;
			files = (
			);
			runOnlyForDeploymentPostprocessing = 0;
		};
		4703850C243F019800F7D1A3 /* Frameworks */ = {
			isa = PBXFrameworksBuildPhase;
			buildActionMask = 2147483647;
			files = (
			);
			runOnlyForDeploymentPostprocessing = 0;
		};
		47038517243F019800F7D1A3 /* Frameworks */ = {
			isa = PBXFrameworksBuildPhase;
			buildActionMask = 2147483647;
			files = (
			);
			runOnlyForDeploymentPostprocessing = 0;
		};
/* End PBXFrameworksBuildPhase section */

/* Begin PBXGroup section */
		470384F0243F019000F7D1A3 = {
			isa = PBXGroup;
			children = (
				470384FB243F019000F7D1A3 /* DrawingPathsAndShapes */,
				47038512243F019800F7D1A3 /* DrawingPathsAndShapesTests */,
				4703851D243F019800F7D1A3 /* DrawingPathsAndShapesUITests */,
				470384FA243F019000F7D1A3 /* Products */,
			);
			sourceTree = "<group>";
		};
		470384FA243F019000F7D1A3 /* Products */ = {
			isa = PBXGroup;
			children = (
				470384F9243F019000F7D1A3 /* DrawingPathsAndShapes.app */,
				4703850F243F019800F7D1A3 /* DrawingPathsAndShapesTests.xctest */,
				4703851A243F019800F7D1A3 /* DrawingPathsAndShapesUITests.xctest */,
			);
			name = Products;
			sourceTree = "<group>";
		};
		470384FB243F019000F7D1A3 /* DrawingPathsAndShapes */ = {
			isa = PBXGroup;
			children = (
				470384FC243F019000F7D1A3 /* AppDelegate.swift */,
				470384FE243F019000F7D1A3 /* SceneDelegate.swift */,
				47038500243F019000F7D1A3 /* ContentView.swift */,
				47038502243F019700F7D1A3 /* Assets.xcassets */,
				47038507243F019700F7D1A3 /* LaunchScreen.storyboard */,
				4703850A243F019700F7D1A3 /* Info.plist */,
				47038504243F019700F7D1A3 /* Preview Content */,
			);
			path = DrawingPathsAndShapes;
			sourceTree = "<group>";
		};
		47038504243F019700F7D1A3 /* Preview Content */ = {
			isa = PBXGroup;
			children = (
				47038505243F019700F7D1A3 /* Preview Assets.xcassets */,
			);
			path = "Preview Content";
			sourceTree = "<group>";
		};
		47038512243F019800F7D1A3 /* DrawingPathsAndShapesTests */ = {
			isa = PBXGroup;
			children = (
				47038513243F019800F7D1A3 /* DrawingPathsAndShapesTests.swift */,
				47038515243F019800F7D1A3 /* Info.plist */,
			);
			path = DrawingPathsAndShapesTests;
			sourceTree = "<group>";
		};
		4703851D243F019800F7D1A3 /* DrawingPathsAndShapesUITests */ = {
			isa = PBXGroup;
			children = (
				4703851E243F019800F7D1A3 /* DrawingPathsAndShapesUITests.swift */,
				47038520243F019800F7D1A3 /* Info.plist */,
			);
			path = DrawingPathsAndShapesUITests;
			sourceTree = "<group>";
		};
/* End PBXGroup section */

/* Begin PBXNativeTarget section */
		470384F8243F019000F7D1A3 /* DrawingPathsAndShapes */ = {
			isa = PBXNativeTarget;
			buildConfigurationList = 47038523243F019800F7D1A3 /* Build configuration list for PBXNativeTarget "DrawingPathsAndShapes" */;
			buildPhases = (
				470384F5243F019000F7D1A3 /* Sources */,
				470384F6243F019000F7D1A3 /* Frameworks */,
				470384F7243F019000F7D1A3 /* Resources */,
			);
			buildRules = (
			);
			dependencies = (
			);
			name = DrawingPathsAndShapes;
			productName = DrawingPathsAndShapes;
			productReference = 470384F9243F019000F7D1A3 /* DrawingPathsAndShapes.app */;
			productType = "com.apple.product-type.application";
		};
		4703850E243F019800F7D1A3 /* DrawingPathsAndShapesTests */ = {
			isa = PBXNativeTarget;
			buildConfigurationList = 47038526243F019800F7D1A3 /* Build configuration list for PBXNativeTarget "DrawingPathsAndShapesTests" */;
			buildPhases = (
				4703850B243F019800F7D1A3 /* Sources */,
				4703850C243F019800F7D1A3 /* Frameworks */,
				4703850D243F019800F7D1A3 /* Resources */,
			);
			buildRules = (
			);
			dependencies = (
				47038511243F019800F7D1A3 /* PBXTargetDependency */,
			);
			name = DrawingPathsAndShapesTests;
			productName = DrawingPathsAndShapesTests;
			productReference = 4703850F243F019800F7D1A3 /* DrawingPathsAndShapesTests.xctest */;
			productType = "com.apple.product-type.bundle.unit-test";
		};
		47038519243F019800F7D1A3 /* DrawingPathsAndShapesUITests */ = {
			isa = PBXNativeTarget;
			buildConfigurationList = 47038529243F019800F7D1A3 /* Build configuration list for PBXNativeTarget "DrawingPathsAndShapesUITests" */;
			buildPhases = (
				47038516243F019800F7D1A3 /* Sources */,
				47038517243F019800F7D1A3 /* Frameworks */,
				47038518243F019800F7D1A3 /* Resources */,
			);
			buildRules = (
			);
			dependencies = (
				4703851C243F019800F7D1A3 /* PBXTargetDependency */,
			);
			name = DrawingPathsAndShapesUITests;
			productName = DrawingPathsAndShapesUITests;
			productReference = 4703851A243F019800F7D1A3 /* DrawingPathsAndShapesUITests.xctest */;
			productType = "com.apple.product-type.bundle.ui-testing";
		};
/* End PBXNativeTarget section */

/* Begin PBXProject section */
		470384F1243F019000F7D1A3 /* Project object */ = {
			isa = PBXProject;
			attributes = {
				LastSwiftUpdateCheck = 1130;
				LastUpgradeCheck = 1130;
				ORGANIZATIONNAME = "Ajay Lather";
				TargetAttributes = {
					470384F8243F019000F7D1A3 = {
						CreatedOnToolsVersion = 11.3.1;
					};
					4703850E243F019800F7D1A3 = {
						CreatedOnToolsVersion = 11.3.1;
						TestTargetID = 470384F8243F019000F7D1A3;
					};
					47038519243F019800F7D1A3 = {
						CreatedOnToolsVersion = 11.3.1;
						TestTargetID = 470384F8243F019000F7D1A3;
					};
				};
			};
			buildConfigurationList = 470384F4243F019000F7D1A3 /* Build configuration list for PBXProject "DrawingPathsAndShapes" */;
			compatibilityVersion = "Xcode 9.3";
			developmentRegion = en;
			hasScannedForEncodings = 0;
			knownRegions = (
				en,
				Base,
			);
			mainGroup = 470384F0243F019000F7D1A3;
			productRefGroup = 470384FA243F019000F7D1A3 /* Products */;
			projectDirPath = "";
			projectRoot = "";
			targets = (
				470384F8243F019000F7D1A3 /* DrawingPathsAndShapes */,
				4703850E243F019800F7D1A3 /* DrawingPathsAndShapesTests */,
				47038519243F019800F7D1A3 /* DrawingPathsAndShapesUITests */,
			);
		};
/* End PBXProject section */

/* Begin PBXResourcesBuildPhase section */
		470384F7243F019000F7D1A3 /* Resources */ = {
			isa = PBXResourcesBuildPhase;
			buildActionMask = 2147483647;
			files = (
				47038509243F019700F7D1A3 /* LaunchScreen.storyboard in Resources */,
				47038506243F019700F7D1A3 /* Preview Assets.xcassets in Resources */,
				47038503243F019700F7D1A3 /* Assets.xcassets in Resources */,
			);
			runOnlyForDeploymentPostprocessing = 0;
		};
		4703850D243F019800F7D1A3 /* Resources */ = {
			isa = PBXResourcesBuildPhase;
			buildActionMask = 2147483647;
			files = (
			);
			runOnlyForDeploymentPostprocessing = 0;
		};
		47038518243F019800F7D1A3 /* Resources */ = {
			isa = PBXResourcesBuildPhase;
			buildActionMask = 2147483647;
			files = (
			);
			runOnlyForDeploymentPostprocessing = 0;
		};
/* End PBXResourcesBuildPhase section */

/* Begin PBXSourcesBuildPhase section */
		470384F5243F019000F7D1A3 /* Sources */ = {
			isa = PBXSourcesBuildPhase;
			buildActionMask = 2147483647;
			files = (
				470384FD243F019000F7D1A3 /* AppDelegate.swift in Sources */,
				470384FF243F019000F7D1A3 /* SceneDelegate.swift in Sources */,
				47038501243F019000F7D1A3 /* ContentView.swift in Sources */,
			);
			runOnlyForDeploymentPostprocessing = 0;
		};
		4703850B243F019800F7D1A3 /* Sources */ = {
			isa = PBXSourcesBuildPhase;
			buildActionMask = 2147483647;
			files = (
				47038514243F019800F7D1A3 /* DrawingPathsAndShapesTests.swift in Sources */,
			);
			runOnlyForDeploymentPostprocessing = 0;
		};
		47038516243F019800F7D1A3 /* Sources */ = {
			isa = PBXSourcesBuildPhase;
			buildActionMask = 2147483647;
			files = (
				4703851F243F019800F7D1A3 /* DrawingPathsAndShapesUITests.swift in Sources */,
			);
			runOnlyForDeploymentPostprocessing = 0;
		};
/* End PBXSourcesBuildPhase section */

/* Begin PBXTargetDependency section */
		47038511243F019800F7D1A3 /* PBXTargetDependency */ = {
			isa = PBXTargetDependency;
			target = 470384F8243F019000F7D1A3 /* DrawingPathsAndShapes */;
			targetProxy = 47038510243F019800F7D1A3 /* PBXContainerItemProxy */;
		};
		4703851C243F019800F7D1A3 /* PBXTargetDependency */ = {
			isa = PBXTargetDependency;
			target = 470384F8243F019000F7D1A3 /* DrawingPathsAndShapes */;
			targetProxy = 4703851B243F019800F7D1A3 /* PBXContainerItemProxy */;
		};
/* End PBXTargetDependency section */

/* Begin PBXVariantGroup section */
		47038507243F019700F7D1A3 /* LaunchScreen.storyboard */ = {
			isa = PBXVariantGroup;
			children = (
				47038508243F019700F7D1A3 /* Base */,
			);
			name = LaunchScreen.storyboard;
			sourceTree = "<group>";
		};
/* End PBXVariantGroup section */

/* Begin XCBuildConfiguration section */
		47038521243F019800F7D1A3 /* Debug */ = {
			isa = XCBuildConfiguration;
			buildSettings = {
				ALWAYS_SEARCH_USER_PATHS = NO;
				CLANG_ANALYZER_NONNULL = YES;
				CLANG_ANALYZER_NUMBER_OBJECT_CONVERSION = YES_AGGRESSIVE;
				CLANG_CXX_LANGUAGE_STANDARD = "gnu++14";
				CLANG_CXX_LIBRARY = "libc++";
				CLANG_ENABLE_MODULES = YES;
				CLANG_ENABLE_OBJC_ARC = YES;
				CLANG_ENABLE_OBJC_WEAK = YES;
				CLANG_WARN_BLOCK_CAPTURE_AUTORELEASING = YES;
				CLANG_WARN_BOOL_CONVERSION = YES;
				CLANG_WARN_COMMA = YES;
				CLANG_WARN_CONSTANT_CONVERSION = YES;
				CLANG_WARN_DEPRECATED_OBJC_IMPLEMENTATIONS = YES;
				CLANG_WARN_DIRECT_OBJC_ISA_USAGE = YES_ERROR;
				CLANG_WARN_DOCUMENTATION_COMMENTS = YES;
				CLANG_WARN_EMPTY_BODY = YES;
				CLANG_WARN_ENUM_CONVERSION = YES;
				CLANG_WARN_INFINITE_RECURSION = YES;
				CLANG_WARN_INT_CONVERSION = YES;
				CLANG_WARN_NON_LITERAL_NULL_CONVERSION = YES;
				CLANG_WARN_OBJC_IMPLICIT_RETAIN_SELF = YES;
				CLANG_WARN_OBJC_LITERAL_CONVERSION = YES;
				CLANG_WARN_OBJC_ROOT_CLASS = YES_ERROR;
				CLANG_WARN_RANGE_LOOP_ANALYSIS = YES;
				CLANG_WARN_STRICT_PROTOTYPES = YES;
				CLANG_WARN_SUSPICIOUS_MOVE = YES;
				CLANG_WARN_UNGUARDED_AVAILABILITY = YES_AGGRESSIVE;
				CLANG_WARN_UNREACHABLE_CODE = YES;
				CLANG_WARN__DUPLICATE_METHOD_MATCH = YES;
				COPY_PHASE_STRIP = NO;
				DEBUG_INFORMATION_FORMAT = dwarf;
				ENABLE_STRICT_OBJC_MSGSEND = YES;
				ENABLE_TESTABILITY = YES;
				GCC_C_LANGUAGE_STANDARD = gnu11;
				GCC_DYNAMIC_NO_PIC = NO;
				GCC_NO_COMMON_BLOCKS = YES;
				GCC_OPTIMIZATION_LEVEL = 0;
				GCC_PREPROCESSOR_DEFINITIONS = (
					"DEBUG=1",
					"$(inherited)",
				);
				GCC_WARN_64_TO_32_BIT_CONVERSION = YES;
				GCC_WARN_ABOUT_RETURN_TYPE = YES_ERROR;
				GCC_WARN_UNDECLARED_SELECTOR = YES;
				GCC_WARN_UNINITIALIZED_AUTOS = YES_AGGRESSIVE;
				GCC_WARN_UNUSED_FUNCTION = YES;
				GCC_WARN_UNUSED_VARIABLE = YES;
				IPHONEOS_DEPLOYMENT_TARGET = 13.2;
				MTL_ENABLE_DEBUG_INFO = INCLUDE_SOURCE;
				MTL_FAST_MATH = YES;
				ONLY_ACTIVE_ARCH = YES;
				SDKROOT = iphoneos;
				SWIFT_ACTIVE_COMPILATION_CONDITIONS = DEBUG;
				SWIFT_OPTIMIZATION_LEVEL = "-Onone";
			};
			name = Debug;
		};
		47038522243F019800F7D1A3 /* Release */ = {
			isa = XCBuildConfiguration;
			buildSettings = {
				ALWAYS_SEARCH_USER_PATHS = NO;
				CLANG_ANALYZER_NONNULL = YES;
				CLANG_ANALYZER_NUMBER_OBJECT_CONVERSION = YES_AGGRESSIVE;
				CLANG_CXX_LANGUAGE_STANDARD = "gnu++14";
				CLANG_CXX_LIBRARY = "libc++";
				CLANG_ENABLE_MODULES = YES;
				CLANG_ENABLE_OBJC_ARC = YES;
				CLANG_ENABLE_OBJC_WEAK = YES;
				CLANG_WARN_BLOCK_CAPTURE_AUTORELEASING = YES;
				CLANG_WARN_BOOL_CONVERSION = YES;
				CLANG_WARN_COMMA = YES;
				CLANG_WARN_CONSTANT_CONVERSION = YES;
				CLANG_WARN_DEPRECATED_OBJC_IMPLEMENTATIONS = YES;
				CLANG_WARN_DIRECT_OBJC_ISA_USAGE = YES_ERROR;
				CLANG_WARN_DOCUMENTATION_COMMENTS = YES;
				CLANG_WARN_EMPTY_BODY = YES;
				CLANG_WARN_ENUM_CONVERSION = YES;
				CLANG_WARN_INFINITE_RECURSION = YES;
				CLANG_WARN_INT_CONVERSION = YES;
				CLANG_WARN_NON_LITERAL_NULL_CONVERSION = YES;
				CLANG_WARN_OBJC_IMPLICIT_RETAIN_SELF = YES;
				CLANG_WARN_OBJC_LITERAL_CONVERSION = YES;
				CLANG_WARN_OBJC_ROOT_CLASS = YES_ERROR;
				CLANG_WARN_RANGE_LOOP_ANALYSIS = YES;
				CLANG_WARN_STRICT_PROTOTYPES = YES;
				CLANG_WARN_SUSPICIOUS_MOVE = YES;
				CLANG_WARN_UNGUARDED_AVAILABILITY = YES_AGGRESSIVE;
				CLANG_WARN_UNREACHABLE_CODE = YES;
				CLANG_WARN__DUPLICATE_METHOD_MATCH = YES;
				COPY_PHASE_STRIP = NO;
				DEBUG_INFORMATION_FORMAT = "dwarf-with-dsym";
				ENABLE_NS_ASSERTIONS = NO;
				ENABLE_STRICT_OBJC_MSGSEND = YES;
				GCC_C_LANGUAGE_STANDARD = gnu11;
				GCC_NO_COMMON_BLOCKS = YES;
				GCC_WARN_64_TO_32_BIT_CONVERSION = YES;
				GCC_WARN_ABOUT_RETURN_TYPE = YES_ERROR;
				GCC_WARN_UNDECLARED_SELECTOR = YES;
				GCC_WARN_UNINITIALIZED_AUTOS = YES_AGGRESSIVE;
				GCC_WARN_UNUSED_FUNCTION = YES;
				GCC_WARN_UNUSED_VARIABLE = YES;
				IPHONEOS_DEPLOYMENT_TARGET = 13.2;
				MTL_ENABLE_DEBUG_INFO = NO;
				MTL_FAST_MATH = YES;
				SDKROOT = iphoneos;
				SWIFT_COMPILATION_MODE = wholemodule;
				SWIFT_OPTIMIZATION_LEVEL = "-O";
				VALIDATE_PRODUCT = YES;
			};
			name = Release;
		};
		47038524243F019800F7D1A3 /* Debug */ = {
			isa = XCBuildConfiguration;
			buildSettings = {
				ASSETCATALOG_COMPILER_APPICON_NAME = AppIcon;
				CODE_SIGN_STYLE = Automatic;
				DEVELOPMENT_ASSET_PATHS = "\"DrawingPathsAndShapes/Preview Content\"";
				DEVELOPMENT_TEAM = RB29W73W6R;
				ENABLE_PREVIEWS = YES;
				INFOPLIST_FILE = DrawingPathsAndShapes/Info.plist;
				LD_RUNPATH_SEARCH_PATHS = (
					"$(inherited)",
					"@executable_path/Frameworks",
				);
				PRODUCT_BUNDLE_IDENTIFIER = com.hungryloin.DrawingPathsAndShapes;
				PRODUCT_NAME = "$(TARGET_NAME)";
				SWIFT_VERSION = 5.0;
				TARGETED_DEVICE_FAMILY = "1,2";
			};
			name = Debug;
		};
		47038525243F019800F7D1A3 /* Release */ = {
			isa = XCBuildConfiguration;
			buildSettings = {
				ASSETCATALOG_COMPILER_APPICON_NAME = AppIcon;
				CODE_SIGN_STYLE = Automatic;
				DEVELOPMENT_ASSET_PATHS = "\"DrawingPathsAndShapes/Preview Content\"";
				DEVELOPMENT_TEAM = RB29W73W6R;
				ENABLE_PREVIEWS = YES;
				INFOPLIST_FILE = DrawingPathsAndShapes/Info.plist;
				LD_RUNPATH_SEARCH_PATHS = (
					"$(inherited)",
					"@executable_path/Frameworks",
				);
				PRODUCT_BUNDLE_IDENTIFIER = com.hungryloin.DrawingPathsAndShapes;
				PRODUCT_NAME = "$(TARGET_NAME)";
				SWIFT_VERSION = 5.0;
				TARGETED_DEVICE_FAMILY = "1,2";
			};
			name = Release;
		};
		47038527243F019800F7D1A3 /* Debug */ = {
			isa = XCBuildConfiguration;
			buildSettings = {
				ALWAYS_EMBED_SWIFT_STANDARD_LIBRARIES = YES;
				BUNDLE_LOADER = "$(TEST_HOST)";
				CODE_SIGN_STYLE = Automatic;
				DEVELOPMENT_TEAM = RB29W73W6R;
				INFOPLIST_FILE = DrawingPathsAndShapesTests/Info.plist;
				IPHONEOS_DEPLOYMENT_TARGET = 13.2;
				LD_RUNPATH_SEARCH_PATHS = (
					"$(inherited)",
					"@executable_path/Frameworks",
					"@loader_path/Frameworks",
				);
				PRODUCT_BUNDLE_IDENTIFIER = com.hungryloin.DrawingPathsAndShapesTests;
				PRODUCT_NAME = "$(TARGET_NAME)";
				SWIFT_VERSION = 5.0;
				TARGETED_DEVICE_FAMILY = "1,2";
				TEST_HOST = "$(BUILT_PRODUCTS_DIR)/DrawingPathsAndShapes.app/DrawingPathsAndShapes";
			};
			name = Debug;
		};
		47038528243F019800F7D1A3 /* Release */ = {
			isa = XCBuildConfiguration;
			buildSettings = {
				ALWAYS_EMBED_SWIFT_STANDARD_LIBRARIES = YES;
				BUNDLE_LOADER = "$(TEST_HOST)";
				CODE_SIGN_STYLE = Automatic;
				DEVELOPMENT_TEAM = RB29W73W6R;
				INFOPLIST_FILE = DrawingPathsAndShapesTests/Info.plist;
				IPHONEOS_DEPLOYMENT_TARGET = 13.2;
				LD_RUNPATH_SEARCH_PATHS = (
					"$(inherited)",
					"@executable_path/Frameworks",
					"@loader_path/Frameworks",
				);
				PRODUCT_BUNDLE_IDENTIFIER = com.hungryloin.DrawingPathsAndShapesTests;
				PRODUCT_NAME = "$(TARGET_NAME)";
				SWIFT_VERSION = 5.0;
				TARGETED_DEVICE_FAMILY = "1,2";
				TEST_HOST = "$(BUILT_PRODUCTS_DIR)/DrawingPathsAndShapes.app/DrawingPathsAndShapes";
			};
			name = Release;
		};
		4703852A243F019800F7D1A3 /* Debug */ = {
			isa = XCBuildConfiguration;
			buildSettings = {
				ALWAYS_EMBED_SWIFT_STANDARD_LIBRARIES = YES;
				CODE_SIGN_STYLE = Automatic;
				DEVELOPMENT_TEAM = RB29W73W6R;
				INFOPLIST_FILE = DrawingPathsAndShapesUITests/Info.plist;
				LD_RUNPATH_SEARCH_PATHS = (
					"$(inherited)",
					"@executable_path/Frameworks",
					"@loader_path/Frameworks",
				);
				PRODUCT_BUNDLE_IDENTIFIER = com.hungryloin.DrawingPathsAndShapesUITests;
				PRODUCT_NAME = "$(TARGET_NAME)";
				SWIFT_VERSION = 5.0;
				TARGETED_DEVICE_FAMILY = "1,2";
				TEST_TARGET_NAME = DrawingPathsAndShapes;
			};
			name = Debug;
		};
		4703852B243F019800F7D1A3 /* Release */ = {
			isa = XCBuildConfiguration;
			buildSettings = {
				ALWAYS_EMBED_SWIFT_STANDARD_LIBRARIES = YES;
				CODE_SIGN_STYLE = Automatic;
				DEVELOPMENT_TEAM = RB29W73W6R;
				INFOPLIST_FILE = DrawingPathsAndShapesUITests/Info.plist;
				LD_RUNPATH_SEARCH_PATHS = (
					"$(inherited)",
					"@executable_path/Frameworks",
					"@loader_path/Frameworks",
				);
				PRODUCT_BUNDLE_IDENTIFIER = com.hungryloin.DrawingPathsAndShapesUITests;
				PRODUCT_NAME = "$(TARGET_NAME)";
				SWIFT_VERSION = 5.0;
				TARGETED_DEVICE_FAMILY = "1,2";
				TEST_TARGET_NAME = DrawingPathsAndShapes;
			};
			name = Release;
		};
/* End XCBuildConfiguration section */

/* Begin XCConfigurationList section */
		470384F4243F019000F7D1A3 /* Build configuration list for PBXProject "DrawingPathsAndShapes" */ = {
			isa = XCConfigurationList;
			buildConfigurations = (
				47038521243F019800F7D1A3 /* Debug */,
				47038522243F019800F7D1A3 /* Release */,
			);
			defaultConfigurationIsVisible = 0;
			defaultConfigurationName = Release;
		};
		47038523243F019800F7D1A3 /* Build configuration list for PBXNativeTarget "DrawingPathsAndShapes" */ = {
			isa = XCConfigurationList;
			buildConfigurations = (
				47038524243F019800F7D1A3 /* Debug */,
				47038525243F019800F7D1A3 /* Release */,
			);
			defaultConfigurationIsVisible = 0;
			defaultConfigurationName = Release;
		};
		47038526243F019800F7D1A3 /* Build configuration list for PBXNativeTarget "DrawingPathsAndShapesTests" */ = {
			isa = XCConfigurationList;
			buildConfigurations = (
				47038527243F019800F7D1A3 /* Debug */,
				47038528243F019800F7D1A3 /* Release */,
			);
			defaultConfigurationIsVisible = 0;
			defaultConfigurationName = Release;
		};
		47038529243F019800F7D1A3 /* Build configuration list for PBXNativeTarget "DrawingPathsAndShapesUITests" */ = {
			isa = XCConfigurationList;
			buildConfigurations = (
				4703852A243F019800F7D1A3 /* Debug */,
				4703852B243F019800F7D1A3 /* Release */,
			);
			defaultConfigurationIsVisible = 0;
			defaultConfigurationName = Release;
		};
/* End XCConfigurationList section */
	};
	rootObject = 470384F1243F019000F7D1A3 /* Project object */;
}
